
Microsoft Visual Studio Solution File, Format Version 10.00
# Visual Studio 2008
Project("{FAE04EC0-301F-11D3-BF4B-00C04F79EFBC}") = "SampleInterface", "SampleInterface\SampleInterface.csproj", "{C3D402BD-A970-4C4E-AD99-02CC92EE5EE2}"
EndProject
Project("{FAE04EC0-301F-11D3-BF4B-00C04F79EFBC}") = "SampleInterfaceImplementation", "SampleInterfaceImplementation\SampleInterfaceImplementation.csproj", "{8E491BCD-6925-4FD7-9E69-1E01EE481DDF}"
EndProject
Project("{FAE04EC0-301F-11D3-BF4B-00C04F79EFBC}") = "mmSquare.Betamax", "mmSquare.Betamax\mmSquare.Betamax.csproj", "{9047DDBD-A4B5-49E8-84E7-C2DBA2046567}"
EndProject
Project("{FAE04EC0-301F-11D3-BF4B-00C04F79EFBC}") = "mmSquare.Betamax.Interception.Tests", "Interception.Test\mmSquare.Betamax.Interception.Tests.csproj", "{5228D583-E5AA-4297-A433-8811DBBA8D88}"
EndProject
Project("{FAE04EC0-301F-11D3-BF4B-00C04F79EFBC}") = "mmSquare.Betamax.Integration.Tests", "Integration.Tests\mmSquare.Betamax.Integration.Tests.csproj", "{73060E0A-E4EE-4439-BD49-C96C98BE6EB0}"
EndProject
Project("{2150E333-8FDC-42A3-9474-1A3956D46DE8}") = "Test", "Test", "{25EF9237-B304-4B9C-8E40-8FF863AB8D63}"
EndProject
Project("{FAE04EC0-301F-11D3-BF4B-00C04F79EFBC}") = "Unity.Integration.Tests", "Unity.Integration.Tests\Unity.Integration.Tests.csproj", "{7128D17D-6B4C-44C0-919C-B1E7993C7D7B}"
EndProject
Project("{FAE04EC0-301F-11D3-BF4B-00C04F79EFBC}") = "mmSquare.Betamax.Unity", "mmSquare.Betamax.Unity\mmSquare.Betamax.Unity.csproj", "{8DCE3A0C-1A3F-41D9-98C4-27EA3258B205}"
EndProject
Global
	GlobalSection(SolutionConfigurationPlatforms) = preSolution
		Debug|Any CPU = Debug|Any CPU
		Release|Any CPU = Release|Any CPU
	EndGlobalSection
	GlobalSection(ProjectConfigurationPlatforms) = postSolution
		{C3D402BD-A970-4C4E-AD99-02CC92EE5EE2}.Debug|Any CPU.ActiveCfg = Debug|Any CPU
		{C3D402BD-A970-4C4E-AD99-02CC92EE5EE2}.Debug|Any CPU.Build.0 = Debug|Any CPU
		{C3D402BD-A970-4C4E-AD99-02CC92EE5EE2}.Release|Any CPU.ActiveCfg = Release|Any CPU
		{C3D402BD-A970-4C4E-AD99-02CC92EE5EE2}.Release|Any CPU.Build.0 = Release|Any CPU
		{8E491BCD-6925-4FD7-9E69-1E01EE481DDF}.Debug|Any CPU.ActiveCfg = Debug|Any CPU
		{8E491BCD-6925-4FD7-9E69-1E01EE481DDF}.Debug|Any CPU.Build.0 = Debug|Any CPU
		{8E491BCD-6925-4FD7-9E69-1E01EE481DDF}.Release|Any CPU.ActiveCfg = Release|Any CPU
		{8E491BCD-6925-4FD7-9E69-1E01EE481DDF}.Release|Any CPU.Build.0 = Release|Any CPU
		{9047DDBD-A4B5-49E8-84E7-C2DBA2046567}.Debug|Any CPU.ActiveCfg = Debug|Any CPU
		{9047DDBD-A4B5-49E8-84E7-C2DBA2046567}.Debug|Any CPU.Build.0 = Debug|Any CPU
		{9047DDBD-A4B5-49E8-84E7-C2DBA2046567}.Release|Any CPU.ActiveCfg = Release|Any CPU
		{9047DDBD-A4B5-49E8-84E7-C2DBA2046567}.Release|Any CPU.Build.0 = Release|Any CPU
		{5228D583-E5AA-4297-A433-8811DBBA8D88}.Debug|Any CPU.ActiveCfg = Debug|Any CPU
		{5228D583-E5AA-4297-A433-8811DBBA8D88}.Debug|Any CPU.Build.0 = Debug|Any CPU
		{5228D583-E5AA-4297-A433-8811DBBA8D88}.Release|Any CPU.ActiveCfg = Release|Any CPU
		{5228D583-E5AA-4297-A433-8811DBBA8D88}.Release|Any CPU.Build.0 = Release|Any CPU
		{73060E0A-E4EE-4439-BD49-C96C98BE6EB0}.Debug|Any CPU.ActiveCfg = Debug|Any CPU
		{73060E0A-E4EE-4439-BD49-C96C98BE6EB0}.Debug|Any CPU.Build.0 = Debug|Any CPU
		{73060E0A-E4EE-4439-BD49-C96C98BE6EB0}.Release|Any CPU.ActiveCfg = Release|Any CPU
		{73060E0A-E4EE-4439-BD49-C96C98BE6EB0}.Release|Any CPU.Build.0 = Release|Any CPU
		{7128D17D-6B4C-44C0-919C-B1E7993C7D7B}.Debug|Any CPU.ActiveCfg = Debug|Any CPU
		{7128D17D-6B4C-44C0-919C-B1E7993C7D7B}.Debug|Any CPU.Build.0 = Debug|Any CPU
		{7128D17D-6B4C-44C0-919C-B1E7993C7D7B}.Release|Any CPU.ActiveCfg = Release|Any CPU
		{7128D17D-6B4C-44C0-919C-B1E7993C7D7B}.Release|Any CPU.Build.0 = Release|Any CPU
		{8DCE3A0C-1A3F-41D9-98C4-27EA3258B205}.Debug|Any CPU.ActiveCfg = Debug|Any CPU
		{8DCE3A0C-1A3F-41D9-98C4-27EA3258B205}.Debug|Any CPU.Build.0 = Debug|Any CPU
		{8DCE3A0C-1A3F-41D9-98C4-27EA3258B205}.Release|Any CPU.ActiveCfg = Release|Any CPU
		{8DCE3A0C-1A3F-41D9-98C4-27EA3258B205}.Release|Any CPU.Build.0 = Release|Any CPU
	EndGlobalSection
	GlobalSection(SolutionProperties) = preSolution
		HideSolutionNode = FALSE
	EndGlobalSection
	GlobalSection(NestedProjects) = preSolution
		{8E491BCD-6925-4FD7-9E69-1E01EE481DDF} = {25EF9237-B304-4B9C-8E40-8FF863AB8D63}
		{5228D583-E5AA-4297-A433-8811DBBA8D88} = {25EF9237-B304-4B9C-8E40-8FF863AB8D63}
		{73060E0A-E4EE-4439-BD49-C96C98BE6EB0} = {25EF9237-B304-4B9C-8E40-8FF863AB8D63}
		{C3D402BD-A970-4C4E-AD99-02CC92EE5EE2} = {25EF9237-B304-4B9C-8E40-8FF863AB8D63}
		{7128D17D-6B4C-44C0-919C-B1E7993C7D7B} = {25EF9237-B304-4B9C-8E40-8FF863AB8D63}
	EndGlobalSection
EndGlobal
